// !$*UTF8*$!
{
	archiveVersion = 1;
	classes = {
	};
	objectVersion = 55;
	objects = {

/* Begin PBXBuildFile section */
		86A27B1D2906341700B6FF97 /* AppDelegate.swift in Sources */ = {isa = PBXBuildFile; fileRef = 86A27B1C2906341700B6FF97 /* AppDelegate.swift */; };
		86A27B1F2906341700B6FF97 /* SceneDelegate.swift in Sources */ = {isa = PBXBuildFile; fileRef = 86A27B1E2906341700B6FF97 /* SceneDelegate.swift */; };
		86A27B212906341700B6FF97 /* ViewController.swift in Sources */ = {isa = PBXBuildFile; fileRef = 86A27B202906341700B6FF97 /* ViewController.swift */; };
		86A27B242906341700B6FF97 /* Main.storyboard in Resources */ = {isa = PBXBuildFile; fileRef = 86A27B222906341700B6FF97 /* Main.storyboard */; };
		86A27B262906341800B6FF97 /* Assets.xcassets in Resources */ = {isa = PBXBuildFile; fileRef = 86A27B252906341800B6FF97 /* Assets.xcassets */; };
		86A27B292906341800B6FF97 /* LaunchScreen.storyboard in Resources */ = {isa = PBXBuildFile; fileRef = 86A27B272906341800B6FF97 /* LaunchScreen.storyboard */; };
		86A27B3529063B5700B6FF97 /* PieChartView.swift in Sources */ = {isa = PBXBuildFile; fileRef = 86A27B3429063B5700B6FF97 /* PieChartView.swift */; };
		87D442F587B5378727134402 /* Pods_ProgressBar_Test.framework in Frameworks */ = {isa = PBXBuildFile; fileRef = 162ACAD64E459002CE20FE2A /* Pods_ProgressBar_Test.framework */; };
/* End PBXBuildFile section */

/* Begin PBXFileReference section */
		162ACAD64E459002CE20FE2A /* Pods_ProgressBar_Test.framework */ = {isa = PBXFileReference; explicitFileType = wrapper.framework; includeInIndex = 0; path = Pods_ProgressBar_Test.framework; sourceTree = BUILT_PRODUCTS_DIR; };
		372C6B46FCF8FD003DC3A3CF /* Pods-ProgressBar_Test.release.xcconfig */ = {isa = PBXFileReference; includeInIndex = 1; lastKnownFileType = text.xcconfig; name = "Pods-ProgressBar_Test.release.xcconfig"; path = "Target Support Files/Pods-ProgressBar_Test/Pods-ProgressBar_Test.release.xcconfig"; sourceTree = "<group>"; };
		86A27B192906341700B6FF97 /* ProgressBar_Test.app */ = {isa = PBXFileReference; explicitFileType = wrapper.application; includeInIndex = 0; path = ProgressBar_Test.app; sourceTree = BUILT_PRODUCTS_DIR; };
		86A27B1C2906341700B6FF97 /* AppDelegate.swift */ = {isa = PBXFileReference; lastKnownFileType = sourcecode.swift; path = AppDelegate.swift; sourceTree = "<group>"; };
		86A27B1E2906341700B6FF97 /* SceneDelegate.swift */ = {isa = PBXFileReference; lastKnownFileType = sourcecode.swift; path = SceneDelegate.swift; sourceTree = "<group>"; };
		86A27B202906341700B6FF97 /* ViewController.swift */ = {isa = PBXFileReference; lastKnownFileType = sourcecode.swift; path = ViewController.swift; sourceTree = "<group>"; };
		86A27B232906341700B6FF97 /* Base */ = {isa = PBXFileReference; lastKnownFileType = file.storyboard; name = Base; path = Base.lproj/Main.storyboard; sourceTree = "<group>"; };
		86A27B252906341800B6FF97 /* Assets.xcassets */ = {isa = PBXFileReference; lastKnownFileType = folder.assetcatalog; path = Assets.xcassets; sourceTree = "<group>"; };
		86A27B282906341800B6FF97 /* Base */ = {isa = PBXFileReference; lastKnownFileType = file.storyboard; name = Base; path = Base.lproj/LaunchScreen.storyboard; sourceTree = "<group>"; };
		86A27B2A2906341800B6FF97 /* Info.plist */ = {isa = PBXFileReference; lastKnownFileType = text.plist.xml; path = Info.plist; sourceTree = "<group>"; };
		86A27B3429063B5700B6FF97 /* PieChartView.swift */ = {isa = PBXFileReference; lastKnownFileType = sourcecode.swift; path = PieChartView.swift; sourceTree = "<group>"; };
		B349BD018B1C368A385364F3 /* Pods-ProgressBar_Test.debug.xcconfig */ = {isa = PBXFileReference; includeInIndex = 1; lastKnownFileType = text.xcconfig; name = "Pods-ProgressBar_Test.debug.xcconfig"; path = "Target Support Files/Pods-ProgressBar_Test/Pods-ProgressBar_Test.debug.xcconfig"; sourceTree = "<group>"; };
/* End PBXFileReference section */

/* Begin PBXFrameworksBuildPhase section */
		86A27B162906341700B6FF97 /* Frameworks */ = {
			isa = PBXFrameworksBuildPhase;
			buildActionMask = 2147483647;
			files = (
				87D442F587B5378727134402 /* Pods_ProgressBar_Test.framework in Frameworks */,
			);
			runOnlyForDeploymentPostprocessing = 0;
		};
/* End PBXFrameworksBuildPhase section */

/* Begin PBXGroup section */
		0FEFE55F928287C20BE012B4 /* Pods */ = {
			isa = PBXGroup;
			children = (
				B349BD018B1C368A385364F3 /* Pods-ProgressBar_Test.debug.xcconfig */,
				372C6B46FCF8FD003DC3A3CF /* Pods-ProgressBar_Test.release.xcconfig */,
			);
			name = Pods;
			path = Pods;
			sourceTree = "<group>";
		};
		86A27B102906341700B6FF97 = {
			isa = PBXGroup;
			children = (
				86A27B1B2906341700B6FF97 /* ProgressBar_Test */,
				86A27B1A2906341700B6FF97 /* Products */,
				0FEFE55F928287C20BE012B4 /* Pods */,
				9C75CE330C917F2429F1E196 /* Frameworks */,
			);
			sourceTree = "<group>";
		};
		86A27B1A2906341700B6FF97 /* Products */ = {
			isa = PBXGroup;
			children = (
				86A27B192906341700B6FF97 /* ProgressBar_Test.app */,
			);
			name = Products;
			sourceTree = "<group>";
		};
		86A27B1B2906341700B6FF97 /* ProgressBar_Test */ = {
			isa = PBXGroup;
			children = (
				86A27B1C2906341700B6FF97 /* AppDelegate.swift */,
				86A27B1E2906341700B6FF97 /* SceneDelegate.swift */,
				86A27B202906341700B6FF97 /* ViewController.swift */,
				86A27B3429063B5700B6FF97 /* PieChartView.swift */,
				86A27B222906341700B6FF97 /* Main.storyboard */,
				86A27B252906341800B6FF97 /* Assets.xcassets */,
				86A27B272906341800B6FF97 /* LaunchScreen.storyboard */,
				86A27B2A2906341800B6FF97 /* Info.plist */,
			);
			path = ProgressBar_Test;
			sourceTree = "<group>";
		};
		9C75CE330C917F2429F1E196 /* Frameworks */ = {
			isa = PBXGroup;
			children = (
				162ACAD64E459002CE20FE2A /* Pods_ProgressBar_Test.framework */,
			);
			name = Frameworks;
			sourceTree = "<group>";
		};
/* End PBXGroup section */

/* Begin PBXNativeTarget section */
		86A27B182906341700B6FF97 /* ProgressBar_Test */ = {
			isa = PBXNativeTarget;
			buildConfigurationList = 86A27B2D2906341800B6FF97 /* Build configuration list for PBXNativeTarget "ProgressBar_Test" */;
			buildPhases = (
				9E0252E634DEAA3C18ABAD42 /* [CP] Check Pods Manifest.lock */,
				86A27B152906341700B6FF97 /* Sources */,
				86A27B162906341700B6FF97 /* Frameworks */,
				86A27B172906341700B6FF97 /* Resources */,
				A55B7F10FC2B5AC5F6F988FC /* [CP] Embed Pods Frameworks */,
			);
			buildRules = (
			);
			dependencies = (
			);
			name = ProgressBar_Test;
			productName = ProgressBar_Test;
			productReference = 86A27B192906341700B6FF97 /* ProgressBar_Test.app */;
			productType = "com.apple.product-type.application";
		};
/* End PBXNativeTarget section */

/* Begin PBXProject section */
		86A27B112906341700B6FF97 /* Project object */ = {
			isa = PBXProject;
			attributes = {
				BuildIndependentTargetsInParallel = 1;
				LastSwiftUpdateCheck = 1340;
				LastUpgradeCheck = 1340;
				TargetAttributes = {
					86A27B182906341700B6FF97 = {
						CreatedOnToolsVersion = 13.4.1;
					};
				};
			};
			buildConfigurationList = 86A27B142906341700B6FF97 /* Build configuration list for PBXProject "ProgressBar_Test" */;
			compatibilityVersion = "Xcode 13.0";
			developmentRegion = en;
			hasScannedForEncodings = 0;
			knownRegions = (
				en,
				Base,
			);
			mainGroup = 86A27B102906341700B6FF97;
			productRefGroup = 86A27B1A2906341700B6FF97 /* Products */;
			projectDirPath = "";
			projectRoot = "";
			targets = (
				86A27B182906341700B6FF97 /* ProgressBar_Test */,
			);
		};
/* End PBXProject section */

/* Begin PBXResourcesBuildPhase section */
		86A27B172906341700B6FF97 /* Resources */ = {
			isa = PBXResourcesBuildPhase;
			buildActionMask = 2147483647;
			files = (
				86A27B292906341800B6FF97 /* LaunchScreen.storyboard in Resources */,
				86A27B262906341800B6FF97 /* Assets.xcassets in Resources */,
				86A27B242906341700B6FF97 /* Main.storyboard in Resources */,
			);
			runOnlyForDeploymentPostprocessing = 0;
		};
/* End PBXResourcesBuildPhase section */

/* Begin PBXShellScriptBuildPhase section */
		9E0252E634DEAA3C18ABAD42 /* [CP] Check Pods Manifest.lock */ = {
			isa = PBXShellScriptBuildPhase;
			buildActionMask = 2147483647;
			files = (
			);
			inputFileListPaths = (
			);
			inputPaths = (
				"${PODS_PODFILE_DIR_PATH}/Podfile.lock",
				"${PODS_ROOT}/Manifest.lock",
			);
			name = "[CP] Check Pods Manifest.lock";
			outputFileListPaths = (
			);
			outputPaths = (
				"$(DERIVED_FILE_DIR)/Pods-ProgressBar_Test-checkManifestLockResult.txt",
			);
			runOnlyForDeploymentPostprocessing = 0;
			shellPath = /bin/sh;
			shellScript = "diff \"${PODS_PODFILE_DIR_PATH}/Podfile.lock\" \"${PODS_ROOT}/Manifest.lock\" > /dev/null\nif [ $? != 0 ] ; then\n    # print error to STDERR\n    echo \"error: The sandbox is not in sync with the Podfile.lock. Run 'pod install' or update your CocoaPods installation.\" >&2\n    exit 1\nfi\n# This output is used by Xcode 'outputs' to avoid re-running this script phase.\necho \"SUCCESS\" > \"${SCRIPT_OUTPUT_FILE_0}\"\n";
			showEnvVarsInLog = 0;
		};
		A55B7F10FC2B5AC5F6F988FC /* [CP] Embed Pods Frameworks */ = {
			isa = PBXShellScriptBuildPhase;
			buildActionMask = 2147483647;
			files = (
			);
			inputFileListPaths = (
				"${PODS_ROOT}/Target Support Files/Pods-ProgressBar_Test/Pods-ProgressBar_Test-frameworks-${CONFIGURATION}-input-files.xcfilelist",
			);
			name = "[CP] Embed Pods Frameworks";
			outputFileListPaths = (
				"${PODS_ROOT}/Target Support Files/Pods-ProgressBar_Test/Pods-ProgressBar_Test-frameworks-${CONFIGURATION}-output-files.xcfilelist",
			);
			runOnlyForDeploymentPostprocessing = 0;
			shellPath = /bin/sh;
			shellScript = "\"${PODS_ROOT}/Target Support Files/Pods-ProgressBar_Test/Pods-ProgressBar_Test-frameworks.sh\"\n";
			showEnvVarsInLog = 0;
		};
/* End PBXShellScriptBuildPhase section */

/* Begin PBXSourcesBuildPhase section */
		86A27B152906341700B6FF97 /* Sources */ = {
			isa = PBXSourcesBuildPhase;
			buildActionMask = 2147483647;
			files = (
				86A27B3529063B5700B6FF97 /* PieChartView.swift in Sources */,
				86A27B212906341700B6FF97 /* ViewController.swift in Sources */,
				86A27B1D2906341700B6FF97 /* AppDelegate.swift in Sources */,
				86A27B1F2906341700B6FF97 /* SceneDelegate.swift in Sources */,
			);
			runOnlyForDeploymentPostprocessing = 0;
		};
/* End PBXSourcesBuildPhase section */

/* Begin PBXVariantGroup section */
		86A27B222906341700B6FF97 /* Main.storyboard */ = {
			isa = PBXVariantGroup;
			children = (
				86A27B232906341700B6FF97 /* Base */,
			);
			name = Main.storyboard;
			sourceTree = "<group>";
		};
		86A27B272906341800B6FF97 /* LaunchScreen.storyboard */ = {
			isa = PBXVariantGroup;
			children = (
				86A27B282906341800B6FF97 /* Base */,
			);
			name = LaunchScreen.storyboard;
			sourceTree = "<group>";
		};
/* End PBXVariantGroup section */

/* Begin XCBuildConfiguration section */
		86A27B2B2906341800B6FF97 /* Debug */ = {
			isa = XCBuildConfiguration;
			buildSettings = {
				ALWAYS_SEARCH_USER_PATHS = NO;
				CLANG_ANALYZER_NONNULL = YES;
				CLANG_ANALYZER_NUMBER_OBJECT_CONVERSION = YES_AGGRESSIVE;
				CLANG_CXX_LANGUAGE_STANDARD = "gnu++17";
				CLANG_ENABLE_MODULES = YES;
				CLANG_ENABLE_OBJC_ARC = YES;
				CLANG_ENABLE_OBJC_WEAK = YES;
				CLANG_WARN_BLOCK_CAPTURE_AUTORELEASING = YES;
				CLANG_WARN_BOOL_CONVERSION = YES;
				CLANG_WARN_COMMA = YES;
				CLANG_WARN_CONSTANT_CONVERSION = YES;
				CLANG_WARN_DEPRECATED_OBJC_IMPLEMENTATIONS = YES;
				CLANG_WARN_DIRECT_OBJC_ISA_USAGE = YES_ERROR;
				CLANG_WARN_DOCUMENTATION_COMMENTS = YES;
				CLANG_WARN_EMPTY_BODY = YES;
				CLANG_WARN_ENUM_CONVERSION = YES;
				CLANG_WARN_INFINITE_RECURSION = YES;
				CLANG_WARN_INT_CONVERSION = YES;
				CLANG_WARN_NON_LITERAL_NULL_CONVERSION = YES;
				CLANG_WARN_OBJC_IMPLICIT_RETAIN_SELF = YES;
				CLANG_WARN_OBJC_LITERAL_CONVERSION = YES;
				CLANG_WARN_OBJC_ROOT_CLASS = YES_ERROR;
				CLANG_WARN_QUOTED_INCLUDE_IN_FRAMEWORK_HEADER = YES;
				CLANG_WARN_RANGE_LOOP_ANALYSIS = YES;
				CLANG_WARN_STRICT_PROTOTYPES = YES;
				CLANG_WARN_SUSPICIOUS_MOVE = YES;
				CLANG_WARN_UNGUARDED_AVAILABILITY = YES_AGGRESSIVE;
				CLANG_WARN_UNREACHABLE_CODE = YES;
				CLANG_WARN__DUPLICATE_METHOD_MATCH = YES;
				COPY_PHASE_STRIP = NO;
				DEBUG_INFORMATION_FORMAT = dwarf;
				ENABLE_STRICT_OBJC_MSGSEND = YES;
				ENABLE_TESTABILITY = YES;
				GCC_C_LANGUAGE_STANDARD = gnu11;
				GCC_DYNAMIC_NO_PIC = NO;
				GCC_NO_COMMON_BLOCKS = YES;
				GCC_OPTIMIZATION_LEVEL = 0;
				GCC_PREPROCESSOR_DEFINITIONS = (
					"DEBUG=1",
					"$(inherited)",
				);
				GCC_WARN_64_TO_32_BIT_CONVERSION = YES;
				GCC_WARN_ABOUT_RETURN_TYPE = YES_ERROR;
				GCC_WARN_UNDECLARED_SELECTOR = YES;
				GCC_WARN_UNINITIALIZED_AUTOS = YES_AGGRESSIVE;
				GCC_WARN_UNUSED_FUNCTION = YES;
				GCC_WARN_UNUSED_VARIABLE = YES;
				IPHONEOS_DEPLOYMENT_TARGET = 13.0;
				MTL_ENABLE_DEBUG_INFO = INCLUDE_SOURCE;
				MTL_FAST_MATH = YES;
				ONLY_ACTIVE_ARCH = YES;
				SDKROOT = iphoneos;
				SWIFT_ACTIVE_COMPILATION_CONDITIONS = DEBUG;
				SWIFT_OPTIMIZATION_LEVEL = "-Onone";
			};
			name = Debug;
		};
		86A27B2C2906341800B6FF97 /* Release */ = {
			isa = XCBuildConfiguration;
			buildSettings = {
				ALWAYS_SEARCH_USER_PATHS = NO;
				CLANG_ANALYZER_NONNULL = YES;
				CLANG_ANALYZER_NUMBER_OBJECT_CONVERSION = YES_AGGRESSIVE;
				CLANG_CXX_LANGUAGE_STANDARD = "gnu++17";
				CLANG_ENABLE_MODULES = YES;
				CLANG_ENABLE_OBJC_ARC = YES;
				CLANG_ENABLE_OBJC_WEAK = YES;
				CLANG_WARN_BLOCK_CAPTURE_AUTORELEASING = YES;
				CLANG_WARN_BOOL_CONVERSION = YES;
				CLANG_WARN_COMMA = YES;
				CLANG_WARN_CONSTANT_CONVERSION = YES;
				CLANG_WARN_DEPRECATED_OBJC_IMPLEMENTATIONS = YES;
				CLANG_WARN_DIRECT_OBJC_ISA_USAGE = YES_ERROR;
				CLANG_WARN_DOCUMENTATION_COMMENTS = YES;
				CLANG_WARN_EMPTY_BODY = YES;
				CLANG_WARN_ENUM_CONVERSION = YES;
				CLANG_WARN_INFINITE_RECURSION = YES;
				CLANG_WARN_INT_CONVERSION = YES;
				CLANG_WARN_NON_LITERAL_NULL_CONVERSION = YES;
				CLANG_WARN_OBJC_IMPLICIT_RETAIN_SELF = YES;
				CLANG_WARN_OBJC_LITERAL_CONVERSION = YES;
				CLANG_WARN_OBJC_ROOT_CLASS = YES_ERROR;
				CLANG_WARN_QUOTED_INCLUDE_IN_FRAMEWORK_HEADER = YES;
				CLANG_WARN_RANGE_LOOP_ANALYSIS = YES;
				CLANG_WARN_STRICT_PROTOTYPES = YES;
				CLANG_WARN_SUSPICIOUS_MOVE = YES;
				CLANG_WARN_UNGUARDED_AVAILABILITY = YES_AGGRESSIVE;
				CLANG_WARN_UNREACHABLE_CODE = YES;
				CLANG_WARN__DUPLICATE_METHOD_MATCH = YES;
				COPY_PHASE_STRIP = NO;
				DEBUG_INFORMATION_FORMAT = "dwarf-with-dsym";
				ENABLE_NS_ASSERTIONS = NO;
				ENABLE_STRICT_OBJC_MSGSEND = YES;
				GCC_C_LANGUAGE_STANDARD = gnu11;
				GCC_NO_COMMON_BLOCKS = YES;
				GCC_WARN_64_TO_32_BIT_CONVERSION = YES;
				GCC_WARN_ABOUT_RETURN_TYPE = YES_ERROR;
				GCC_WARN_UNDECLARED_SELECTOR = YES;
				GCC_WARN_UNINITIALIZED_AUTOS = YES_AGGRESSIVE;
				GCC_WARN_UNUSED_FUNCTION = YES;
				GCC_WARN_UNUSED_VARIABLE = YES;
				IPHONEOS_DEPLOYMENT_TARGET = 13.0;
				MTL_ENABLE_DEBUG_INFO = NO;
				MTL_FAST_MATH = YES;
				SDKROOT = iphoneos;
				SWIFT_COMPILATION_MODE = wholemodule;
				SWIFT_OPTIMIZATION_LEVEL = "-O";
				VALIDATE_PRODUCT = YES;
			};
			name = Release;
		};
		86A27B2E2906341800B6FF97 /* Debug */ = {
			isa = XCBuildConfiguration;
			baseConfigurationReference = B349BD018B1C368A385364F3 /* Pods-ProgressBar_Test.debug.xcconfig */;
			buildSettings = {
				ASSETCATALOG_COMPILER_APPICON_NAME = AppIcon;
				ASSETCATALOG_COMPILER_GLOBAL_ACCENT_COLOR_NAME = AccentColor;
				CODE_SIGN_STYLE = Automatic;
				CURRENT_PROJECT_VERSION = 1;
				DEVELOPMENT_TEAM = 3R7XZ6SCLH;
				GENERATE_INFOPLIST_FILE = YES;
				INFOPLIST_FILE = ProgressBar_Test/Info.plist;
				INFOPLIST_KEY_UIApplicationSupportsIndirectInputEvents = YES;
				INFOPLIST_KEY_UILaunchStoryboardName = LaunchScreen;
				INFOPLIST_KEY_UIMainStoryboardFile = Main;
				INFOPLIST_KEY_UISupportedInterfaceOrientations_iPad = "UIInterfaceOrientationPortrait UIInterfaceOrientationPortraitUpsideDown UIInterfaceOrientationLandscapeLeft UIInterfaceOrientationLandscapeRight";
				INFOPLIST_KEY_UISupportedInterfaceOrientations_iPhone = "UIInterfaceOrientationPortrait UIInterfaceOrientationLandscapeLeft UIInterfaceOrientationLandscapeRight";
				LD_RUNPATH_SEARCH_PATHS = (
					"$(inherited)",
					"@executable_path/Frameworks",
				);
				MARKETING_VERSION = 1.0;
				PRODUCT_BUNDLE_IDENTIFIER = "com.Test.ProgressBar-Test";
				PRODUCT_NAME = "$(TARGET_NAME)";
				SWIFT_EMIT_LOC_STRINGS = YES;
				SWIFT_VERSION = 5.0;
				TARGETED_DEVICE_FAMILY = "1,2";
			};
			name = Debug;
		};
		86A27B2F2906341800B6FF97 /* Release */ = {
			isa = XCBuildConfiguration;
			baseConfigurationReference = 372C6B46FCF8FD003DC3A3CF /* Pods-ProgressBar_Test.release.xcconfig */;
			buildSettings = {
				ASSETCATALOG_COMPILER_APPICON_NAME = AppIcon;
				ASSETCATALOG_COMPILER_GLOBAL_ACCENT_COLOR_NAME = AccentColor;
				CODE_SIGN_STYLE = Automatic;
				CURRENT_PROJECT_VERSION = 1;
				DEVELOPMENT_TEAM = 3R7XZ6SCLH;
				GENERATE_INFOPLIST_FILE = YES;
				INFOPLIST_FILE = ProgressBar_Test/Info.plist;
				INFOPLIST_KEY_UIApplicationSupportsIndirectInputEvents = YES;
				INFOPLIST_KEY_UILaunchStoryboardName = LaunchScreen;
				INFOPLIST_KEY_UIMainStoryboardFile = Main;
				INFOPLIST_KEY_UISupportedInterfaceOrientations_iPad = "UIInterfaceOrientationPortrait UIInterfaceOrientationPortraitUpsideDown UIInterfaceOrientationLandscapeLeft UIInterfaceOrientationLandscapeRight";
				INFOPLIST_KEY_UISupportedInterfaceOrientations_iPhone = "UIInterfaceOrientationPortrait UIInterfaceOrientationLandscapeLeft UIInterfaceOrientationLandscapeRight";
				LD_RUNPATH_SEARCH_PATHS = (
					"$(inherited)",
					"@executable_path/Frameworks",
				);
				MARKETING_VERSION = 1.0;
				PRODUCT_BUNDLE_IDENTIFIER = "com.Test.ProgressBar-Test";
				PRODUCT_NAME = "$(TARGET_NAME)";
				SWIFT_EMIT_LOC_STRINGS = YES;
				SWIFT_VERSION = 5.0;
				TARGETED_DEVICE_FAMILY = "1,2";
			};
			name = Release;
		};
/* End XCBuildConfiguration section */

/* Begin XCConfigurationList section */
		86A27B142906341700B6FF97 /* Build configuration list for PBXProject "ProgressBar_Test" */ = {
			isa = XCConfigurationList;
			buildConfigurations = (
				86A27B2B2906341800B6FF97 /* Debug */,
				86A27B2C2906341800B6FF97 /* Release */,
			);
			defaultConfigurationIsVisible = 0;
			defaultConfigurationName = Release;
		};
		86A27B2D2906341800B6FF97 /* Build configuration list for PBXNativeTarget "ProgressBar_Test" */ = {
			isa = XCConfigurationList;
			buildConfigurations = (
				86A27B2E2906341800B6FF97 /* Debug */,
				86A27B2F2906341800B6FF97 /* Release */,
			);
			defaultConfigurationIsVisible = 0;
			defaultConfigurationName = Release;
		};
/* End XCConfigurationList section */
	};
	rootObject = 86A27B112906341700B6FF97 /* Project object */;
}
